
Microsoft Visual Studio Solution File, Format Version 12.00
# Visual Studio Version 17
VisualStudioVersion = 17.7.34018.315
MinimumVisualStudioVersion = 10.0.40219.1
Project("{9A19103F-16F7-4668-BE54-9A1E7A4F7556}") = "DesignApp", "DesignApp.csproj", "{D2ED208A-D6F6-47E4-ACE1-AC3C219A18C4}"
EndProject
Project("{54435603-DBB4-11D2-8724-00A0C9A8B90C}") = "Setup1", "..\Setup1\Setup1.vdproj", "{A79E1F7A-E37A-4A11-ADF9-86CC148EDE57}"
EndProject
Global
	GlobalSection(SolutionConfigurationPlatforms) = preSolution
		Debug|Any CPU = Debug|Any CPU
		Release|Any CPU = Release|Any CPU
	EndGlobalSection
	GlobalSection(ProjectConfigurationPlatforms) = postSolution
		{D2ED208A-D6F6-47E4-ACE1-AC3C219A18C4}.Debug|Any CPU.ActiveCfg = Debug|Any CPU
		{D2ED208A-D6F6-47E4-ACE1-AC3C219A18C4}.Debug|Any CPU.Build.0 = Debug|Any CPU
		{D2ED208A-D6F6-47E4-ACE1-AC3C219A18C4}.Release|Any CPU.ActiveCfg = Release|Any CPU
		{D2ED208A-D6F6-47E4-ACE1-AC3C219A18C4}.Release|Any CPU.Build.0 = Release|Any CPU
		{A79E1F7A-E37A-4A11-ADF9-86CC148EDE57}.Debug|Any CPU.ActiveCfg = Debug
		{A79E1F7A-E37A-4A11-ADF9-86CC148EDE57}.Release|Any CPU.ActiveCfg = Release
	EndGlobalSection
	GlobalSection(SolutionProperties) = preSolution
		HideSolutionNode = FALSE
	EndGlobalSection
	GlobalSection(ExtensibilityGlobals) = postSolution
		SolutionGuid = {A75F6299-B280-4922-97C3-E4B5E4712C30}
	EndGlobalSection
EndGlobal
